// !$*UTF8*$!
{
	archiveVersion = 1;
	classes = {
	};
	objectVersion = 56;
	objects = {

/* Begin PBXBuildFile section */
		C326975E2BFD1EC900CD3568 /* HomeTabView.swift in Sources */ = {isa = PBXBuildFile; fileRef = C326975D2BFD1EC900CD3568 /* HomeTabView.swift */; };
		C38173F92BFBE7A9007A0584 /* ExerciseStatsView.swift in Sources */ = {isa = PBXBuildFile; fileRef = C38173F82BFBE7A9007A0584 /* ExerciseStatsView.swift */; };
		C38173FB2BFBE7B6007A0584 /* ExerciseControlView.swift in Sources */ = {isa = PBXBuildFile; fileRef = C38173FA2BFBE7B6007A0584 /* ExerciseControlView.swift */; };
		C38173FD2BFBE7C6007A0584 /* CountdownView.swift in Sources */ = {isa = PBXBuildFile; fileRef = C38173FC2BFBE7C6007A0584 /* CountdownView.swift */; };
		C38174012BFBE85A007A0584 /* ExerciseTabView.swift in Sources */ = {isa = PBXBuildFile; fileRef = C38174002BFBE85A007A0584 /* ExerciseTabView.swift */; };
		C38174042BFBE90D007A0584 /* BorgScaleView.swift in Sources */ = {isa = PBXBuildFile; fileRef = C38174032BFBE90D007A0584 /* BorgScaleView.swift */; };
		C38174062BFBE950007A0584 /* ExerciseUserFeedbackView.swift in Sources */ = {isa = PBXBuildFile; fileRef = C38174052BFBE950007A0584 /* ExerciseUserFeedbackView.swift */; };
		C38174082BFBE974007A0584 /* DidFeelPainView.swift in Sources */ = {isa = PBXBuildFile; fileRef = C38174072BFBE974007A0584 /* DidFeelPainView.swift */; };
		C381740A2BFBE983007A0584 /* PainScaleView.swift in Sources */ = {isa = PBXBuildFile; fileRef = C38174092BFBE983007A0584 /* PainScaleView.swift */; };
		C381740D2BFBE9FF007A0584 /* HomeView.swift in Sources */ = {isa = PBXBuildFile; fileRef = C381740C2BFBE9FF007A0584 /* HomeView.swift */; };
		C381740F2BFBEA16007A0584 /* GoalView.swift in Sources */ = {isa = PBXBuildFile; fileRef = C381740E2BFBEA16007A0584 /* GoalView.swift */; };
		C38174112BFBEA28007A0584 /* ExercisesScrollView.swift in Sources */ = {isa = PBXBuildFile; fileRef = C38174102BFBEA28007A0584 /* ExercisesScrollView.swift */; };
		C38174142BFBEA67007A0584 /* ExerciseDetailView.swift in Sources */ = {isa = PBXBuildFile; fileRef = C38174132BFBEA67007A0584 /* ExerciseDetailView.swift */; };
		C38174172BFBEAB8007A0584 /* SelectGraphView.swift in Sources */ = {isa = PBXBuildFile; fileRef = C38174162BFBEAB8007A0584 /* SelectGraphView.swift */; };
		C38174192BFBEAE7007A0584 /* GraphScrollView.swift in Sources */ = {isa = PBXBuildFile; fileRef = C38174182BFBEAE7007A0584 /* GraphScrollView.swift */; };
		C381741C2BFBEB01007A0584 /* Onboarding.swift in Sources */ = {isa = PBXBuildFile; fileRef = C381741B2BFBEB01007A0584 /* Onboarding.swift */; };
		C381741F2BFBEB1A007A0584 /* Coordinator.swift in Sources */ = {isa = PBXBuildFile; fileRef = C381741E2BFBEB1A007A0584 /* Coordinator.swift */; };
		C38174232BFBEB9B007A0584 /* HomeController.swift in Sources */ = {isa = PBXBuildFile; fileRef = C38174222BFBEB9B007A0584 /* HomeController.swift */; };
		C38174252BFBEBAD007A0584 /* ExerciseController.swift in Sources */ = {isa = PBXBuildFile; fileRef = C38174242BFBEBAD007A0584 /* ExerciseController.swift */; };
		C38174282BFBEBE9007A0584 /* WorkoutController.swift in Sources */ = {isa = PBXBuildFile; fileRef = C38174272BFBEBE9007A0584 /* WorkoutController.swift */; };
		C381742A2BFBEBFD007A0584 /* SwiftDataController.swift in Sources */ = {isa = PBXBuildFile; fileRef = C38174292BFBEBFD007A0584 /* SwiftDataController.swift */; };
		C381742C2BFBEC2D007A0584 /* Localizable.xcstrings in Resources */ = {isa = PBXBuildFile; fileRef = C381742B2BFBEC2D007A0584 /* Localizable.xcstrings */; };
		C381742E2BFBEC46007A0584 /* Strings.swift in Sources */ = {isa = PBXBuildFile; fileRef = C381742D2BFBEC46007A0584 /* Strings.swift */; };
		E8F9EE132BF7F2F300E34C5D /* HandyApp.swift in Sources */ = {isa = PBXBuildFile; fileRef = E8F9EE122BF7F2F300E34C5D /* HandyApp.swift */; };
		E8F9EE152BF7F2F300E34C5D /* ContentView.swift in Sources */ = {isa = PBXBuildFile; fileRef = E8F9EE142BF7F2F300E34C5D /* ContentView.swift */; };
		E8F9EE172BF7F2F500E34C5D /* Assets.xcassets in Resources */ = {isa = PBXBuildFile; fileRef = E8F9EE162BF7F2F500E34C5D /* Assets.xcassets */; };
		E8F9EE1A2BF7F2F500E34C5D /* Preview Assets.xcassets in Resources */ = {isa = PBXBuildFile; fileRef = E8F9EE192BF7F2F500E34C5D /* Preview Assets.xcassets */; };
		E8F9EE242BF7F2F500E34C5D /* Handy_Watch_AppTests.swift in Sources */ = {isa = PBXBuildFile; fileRef = E8F9EE232BF7F2F500E34C5D /* Handy_Watch_AppTests.swift */; };
		E8F9EE2E2BF7F2F500E34C5D /* Handy_Watch_AppUITests.swift in Sources */ = {isa = PBXBuildFile; fileRef = E8F9EE2D2BF7F2F500E34C5D /* Handy_Watch_AppUITests.swift */; };
		E8F9EE302BF7F2F500E34C5D /* Handy_Watch_AppUITestsLaunchTests.swift in Sources */ = {isa = PBXBuildFile; fileRef = E8F9EE2F2BF7F2F500E34C5D /* Handy_Watch_AppUITestsLaunchTests.swift */; };
		FD900C782BFCD0970036DBE2 /* TitleForm.swift in Sources */ = {isa = PBXBuildFile; fileRef = FD900C772BFCD0970036DBE2 /* TitleForm.swift */; };
		FD900C7B2BFCD2310036DBE2 /* ButtonNextPage.swift in Sources */ = {isa = PBXBuildFile; fileRef = FD900C7A2BFCD2310036DBE2 /* ButtonNextPage.swift */; };
		FD900C7D2BFCD3C60036DBE2 /* StepperImage.swift in Sources */ = {isa = PBXBuildFile; fileRef = FD900C7C2BFCD3C60036DBE2 /* StepperImage.swift */; };
		FD900C802BFD314A0036DBE2 /* ExerciseDetailViewModel.swift in Sources */ = {isa = PBXBuildFile; fileRef = FD900C7F2BFD314A0036DBE2 /* ExerciseDetailViewModel.swift */; };
		FDA964012BFBD1A70006E4EA /* Exercise.swift in Sources */ = {isa = PBXBuildFile; fileRef = FDA964002BFBD1A70006E4EA /* Exercise.swift */; };
		FDA964022BFBD1A70006E4EA /* Exercise.swift in Sources */ = {isa = PBXBuildFile; fileRef = FDA964002BFBD1A70006E4EA /* Exercise.swift */; };
		FDA964032BFBD1A70006E4EA /* Exercise.swift in Sources */ = {isa = PBXBuildFile; fileRef = FDA964002BFBD1A70006E4EA /* Exercise.swift */; };
		FDA964052BFBE0950006E4EA /* User.swift in Sources */ = {isa = PBXBuildFile; fileRef = FDA964042BFBE0950006E4EA /* User.swift */; };
		FDA964062BFBE0950006E4EA /* User.swift in Sources */ = {isa = PBXBuildFile; fileRef = FDA964042BFBE0950006E4EA /* User.swift */; };
		FDA964072BFBE0950006E4EA /* User.swift in Sources */ = {isa = PBXBuildFile; fileRef = FDA964042BFBE0950006E4EA /* User.swift */; };
		FDA964092BFBE2BD0006E4EA /* Meta.swift in Sources */ = {isa = PBXBuildFile; fileRef = FDA964082BFBE2BD0006E4EA /* Meta.swift */; };
		FDA9640A2BFBE2BD0006E4EA /* Meta.swift in Sources */ = {isa = PBXBuildFile; fileRef = FDA964082BFBE2BD0006E4EA /* Meta.swift */; };
		FDA9640B2BFBE2BD0006E4EA /* Meta.swift in Sources */ = {isa = PBXBuildFile; fileRef = FDA964082BFBE2BD0006E4EA /* Meta.swift */; };
		FDBBB7DF2BFE1A9500552287 /* CircularProgressBarView.swift in Sources */ = {isa = PBXBuildFile; fileRef = FDBBB7DE2BFE1A9500552287 /* CircularProgressBarView.swift */; };
		FDBBB7EA2BFE722C00552287 /* EmojiSelectionView.swift in Sources */ = {isa = PBXBuildFile; fileRef = FDBBB7E92BFE722C00552287 /* EmojiSelectionView.swift */; };
		FDBBB7EC2BFE737800552287 /* TreatmentTimeView .swift in Sources */ = {isa = PBXBuildFile; fileRef = FDBBB7EB2BFE737800552287 /* TreatmentTimeView .swift */; };
		FDBBB7EE2BFE740E00552287 /* TreatmentTimeBeginningView.swift in Sources */ = {isa = PBXBuildFile; fileRef = FDBBB7ED2BFE740E00552287 /* TreatmentTimeBeginningView.swift */; };
		FDBBB7F02BFE741900552287 /* TreatmentTimeEndView.swift in Sources */ = {isa = PBXBuildFile; fileRef = FDBBB7EF2BFE741900552287 /* TreatmentTimeEndView.swift */; };
/* End PBXBuildFile section */

/* Begin PBXContainerItemProxy section */
		E8F9EE202BF7F2F500E34C5D /* PBXContainerItemProxy */ = {
			isa = PBXContainerItemProxy;
			containerPortal = E8F9EE072BF7F2F300E34C5D /* Project object */;
			proxyType = 1;
			remoteGlobalIDString = E8F9EE0E2BF7F2F300E34C5D;
			remoteInfo = "Handy Watch App";
		};
		E8F9EE2A2BF7F2F500E34C5D /* PBXContainerItemProxy */ = {
			isa = PBXContainerItemProxy;
			containerPortal = E8F9EE072BF7F2F300E34C5D /* Project object */;
			proxyType = 1;
			remoteGlobalIDString = E8F9EE0E2BF7F2F300E34C5D;
			remoteInfo = "Handy Watch App";
		};
/* End PBXContainerItemProxy section */

/* Begin PBXFileReference section */
		C326975D2BFD1EC900CD3568 /* HomeTabView.swift */ = {isa = PBXFileReference; lastKnownFileType = sourcecode.swift; path = HomeTabView.swift; sourceTree = "<group>"; };
		C38173F82BFBE7A9007A0584 /* ExerciseStatsView.swift */ = {isa = PBXFileReference; lastKnownFileType = sourcecode.swift; path = ExerciseStatsView.swift; sourceTree = "<group>"; };
		C38173FA2BFBE7B6007A0584 /* ExerciseControlView.swift */ = {isa = PBXFileReference; lastKnownFileType = sourcecode.swift; path = ExerciseControlView.swift; sourceTree = "<group>"; };
		C38173FC2BFBE7C6007A0584 /* CountdownView.swift */ = {isa = PBXFileReference; lastKnownFileType = sourcecode.swift; path = CountdownView.swift; sourceTree = "<group>"; };
		C38174002BFBE85A007A0584 /* ExerciseTabView.swift */ = {isa = PBXFileReference; lastKnownFileType = sourcecode.swift; path = ExerciseTabView.swift; sourceTree = "<group>"; };
		C38174032BFBE90D007A0584 /* BorgScaleView.swift */ = {isa = PBXFileReference; lastKnownFileType = sourcecode.swift; path = BorgScaleView.swift; sourceTree = "<group>"; };
		C38174052BFBE950007A0584 /* ExerciseUserFeedbackView.swift */ = {isa = PBXFileReference; lastKnownFileType = sourcecode.swift; path = ExerciseUserFeedbackView.swift; sourceTree = "<group>"; };
		C38174072BFBE974007A0584 /* DidFeelPainView.swift */ = {isa = PBXFileReference; lastKnownFileType = sourcecode.swift; path = DidFeelPainView.swift; sourceTree = "<group>"; };
		C38174092BFBE983007A0584 /* PainScaleView.swift */ = {isa = PBXFileReference; lastKnownFileType = sourcecode.swift; path = PainScaleView.swift; sourceTree = "<group>"; };
		C381740C2BFBE9FF007A0584 /* HomeView.swift */ = {isa = PBXFileReference; lastKnownFileType = sourcecode.swift; path = HomeView.swift; sourceTree = "<group>"; };
		C381740E2BFBEA16007A0584 /* GoalView.swift */ = {isa = PBXFileReference; lastKnownFileType = sourcecode.swift; path = GoalView.swift; sourceTree = "<group>"; };
		C38174102BFBEA28007A0584 /* ExercisesScrollView.swift */ = {isa = PBXFileReference; lastKnownFileType = sourcecode.swift; path = ExercisesScrollView.swift; sourceTree = "<group>"; };
		C38174132BFBEA67007A0584 /* ExerciseDetailView.swift */ = {isa = PBXFileReference; lastKnownFileType = sourcecode.swift; path = ExerciseDetailView.swift; sourceTree = "<group>"; };
		C38174162BFBEAB8007A0584 /* SelectGraphView.swift */ = {isa = PBXFileReference; lastKnownFileType = sourcecode.swift; path = SelectGraphView.swift; sourceTree = "<group>"; };
		C38174182BFBEAE7007A0584 /* GraphScrollView.swift */ = {isa = PBXFileReference; lastKnownFileType = sourcecode.swift; path = GraphScrollView.swift; sourceTree = "<group>"; };
		C381741B2BFBEB01007A0584 /* Onboarding.swift */ = {isa = PBXFileReference; lastKnownFileType = sourcecode.swift; path = Onboarding.swift; sourceTree = "<group>"; };
		C381741E2BFBEB1A007A0584 /* Coordinator.swift */ = {isa = PBXFileReference; lastKnownFileType = sourcecode.swift; path = Coordinator.swift; sourceTree = "<group>"; };
		C38174222BFBEB9B007A0584 /* HomeController.swift */ = {isa = PBXFileReference; lastKnownFileType = sourcecode.swift; path = HomeController.swift; sourceTree = "<group>"; };
		C38174242BFBEBAD007A0584 /* ExerciseController.swift */ = {isa = PBXFileReference; lastKnownFileType = sourcecode.swift; path = ExerciseController.swift; sourceTree = "<group>"; };
		C38174272BFBEBE9007A0584 /* WorkoutController.swift */ = {isa = PBXFileReference; lastKnownFileType = sourcecode.swift; path = WorkoutController.swift; sourceTree = "<group>"; };
		C38174292BFBEBFD007A0584 /* SwiftDataController.swift */ = {isa = PBXFileReference; lastKnownFileType = sourcecode.swift; path = SwiftDataController.swift; sourceTree = "<group>"; };
		C381742B2BFBEC2D007A0584 /* Localizable.xcstrings */ = {isa = PBXFileReference; lastKnownFileType = text.json.xcstrings; path = Localizable.xcstrings; sourceTree = "<group>"; };
		C381742D2BFBEC46007A0584 /* Strings.swift */ = {isa = PBXFileReference; lastKnownFileType = sourcecode.swift; path = Strings.swift; sourceTree = "<group>"; };
		E8A60BA22BFFB9F200D33F3D /* Handy Watch App.entitlements */ = {isa = PBXFileReference; lastKnownFileType = text.plist.entitlements; path = "Handy Watch App.entitlements"; sourceTree = "<group>"; };
		E8F9EE0F2BF7F2F300E34C5D /* Handy Watch App.app */ = {isa = PBXFileReference; explicitFileType = wrapper.application; includeInIndex = 0; path = "Handy Watch App.app"; sourceTree = BUILT_PRODUCTS_DIR; };
		E8F9EE122BF7F2F300E34C5D /* HandyApp.swift */ = {isa = PBXFileReference; lastKnownFileType = sourcecode.swift; path = HandyApp.swift; sourceTree = "<group>"; };
		E8F9EE142BF7F2F300E34C5D /* ContentView.swift */ = {isa = PBXFileReference; lastKnownFileType = sourcecode.swift; path = ContentView.swift; sourceTree = "<group>"; };
		E8F9EE162BF7F2F500E34C5D /* Assets.xcassets */ = {isa = PBXFileReference; lastKnownFileType = folder.assetcatalog; path = Assets.xcassets; sourceTree = "<group>"; };
		E8F9EE192BF7F2F500E34C5D /* Preview Assets.xcassets */ = {isa = PBXFileReference; lastKnownFileType = folder.assetcatalog; path = "Preview Assets.xcassets"; sourceTree = "<group>"; };
		E8F9EE1F2BF7F2F500E34C5D /* Handy Watch AppTests.xctest */ = {isa = PBXFileReference; explicitFileType = wrapper.cfbundle; includeInIndex = 0; path = "Handy Watch AppTests.xctest"; sourceTree = BUILT_PRODUCTS_DIR; };
		E8F9EE232BF7F2F500E34C5D /* Handy_Watch_AppTests.swift */ = {isa = PBXFileReference; lastKnownFileType = sourcecode.swift; path = Handy_Watch_AppTests.swift; sourceTree = "<group>"; };
		E8F9EE292BF7F2F500E34C5D /* Handy Watch AppUITests.xctest */ = {isa = PBXFileReference; explicitFileType = wrapper.cfbundle; includeInIndex = 0; path = "Handy Watch AppUITests.xctest"; sourceTree = BUILT_PRODUCTS_DIR; };
		E8F9EE2D2BF7F2F500E34C5D /* Handy_Watch_AppUITests.swift */ = {isa = PBXFileReference; lastKnownFileType = sourcecode.swift; path = Handy_Watch_AppUITests.swift; sourceTree = "<group>"; };
		E8F9EE2F2BF7F2F500E34C5D /* Handy_Watch_AppUITestsLaunchTests.swift */ = {isa = PBXFileReference; lastKnownFileType = sourcecode.swift; path = Handy_Watch_AppUITestsLaunchTests.swift; sourceTree = "<group>"; };
		FD900C772BFCD0970036DBE2 /* TitleForm.swift */ = {isa = PBXFileReference; lastKnownFileType = sourcecode.swift; path = TitleForm.swift; sourceTree = "<group>"; };
		FD900C7A2BFCD2310036DBE2 /* ButtonNextPage.swift */ = {isa = PBXFileReference; lastKnownFileType = sourcecode.swift; path = ButtonNextPage.swift; sourceTree = "<group>"; };
		FD900C7C2BFCD3C60036DBE2 /* StepperImage.swift */ = {isa = PBXFileReference; lastKnownFileType = sourcecode.swift; path = StepperImage.swift; sourceTree = "<group>"; };
		FD900C7F2BFD314A0036DBE2 /* ExerciseDetailViewModel.swift */ = {isa = PBXFileReference; lastKnownFileType = sourcecode.swift; path = ExerciseDetailViewModel.swift; sourceTree = "<group>"; };
		FDA964002BFBD1A70006E4EA /* Exercise.swift */ = {isa = PBXFileReference; lastKnownFileType = sourcecode.swift; path = Exercise.swift; sourceTree = "<group>"; };
		FDA964042BFBE0950006E4EA /* User.swift */ = {isa = PBXFileReference; lastKnownFileType = sourcecode.swift; path = User.swift; sourceTree = "<group>"; };
		FDA964082BFBE2BD0006E4EA /* Meta.swift */ = {isa = PBXFileReference; lastKnownFileType = sourcecode.swift; path = Meta.swift; sourceTree = "<group>"; };
		FDBBB7DE2BFE1A9500552287 /* CircularProgressBarView.swift */ = {isa = PBXFileReference; lastKnownFileType = sourcecode.swift; path = CircularProgressBarView.swift; sourceTree = "<group>"; };
		FDBBB7E92BFE722C00552287 /* EmojiSelectionView.swift */ = {isa = PBXFileReference; lastKnownFileType = sourcecode.swift; path = EmojiSelectionView.swift; sourceTree = "<group>"; };
		FDBBB7EB2BFE737800552287 /* TreatmentTimeView .swift */ = {isa = PBXFileReference; lastKnownFileType = sourcecode.swift; path = "TreatmentTimeView .swift"; sourceTree = "<group>"; };
		FDBBB7ED2BFE740E00552287 /* TreatmentTimeBeginningView.swift */ = {isa = PBXFileReference; lastKnownFileType = sourcecode.swift; path = TreatmentTimeBeginningView.swift; sourceTree = "<group>"; };
		FDBBB7EF2BFE741900552287 /* TreatmentTimeEndView.swift */ = {isa = PBXFileReference; lastKnownFileType = sourcecode.swift; path = TreatmentTimeEndView.swift; sourceTree = "<group>"; };
/* End PBXFileReference section */

/* Begin PBXFrameworksBuildPhase section */
		E8F9EE0C2BF7F2F300E34C5D /* Frameworks */ = {
			isa = PBXFrameworksBuildPhase;
			buildActionMask = 2147483647;
			files = (
			);
			runOnlyForDeploymentPostprocessing = 0;
		};
		E8F9EE1C2BF7F2F500E34C5D /* Frameworks */ = {
			isa = PBXFrameworksBuildPhase;
			buildActionMask = 2147483647;
			files = (
			);
			runOnlyForDeploymentPostprocessing = 0;
		};
		E8F9EE262BF7F2F500E34C5D /* Frameworks */ = {
			isa = PBXFrameworksBuildPhase;
			buildActionMask = 2147483647;
			files = (
			);
			runOnlyForDeploymentPostprocessing = 0;
		};
/* End PBXFrameworksBuildPhase section */

/* Begin PBXGroup section */
		C38173F32BFBE6F7007A0584 /* Scene */ = {
			isa = PBXGroup;
			children = (
				C381741A2BFBEAF2007A0584 /* Onboarding */,
				C38174152BFBEA72007A0584 /* Graphs */,
				C38174122BFBEA3A007A0584 /* ExerciseDetail */,
				C381740B2BFBE99B007A0584 /* Home */,
				C38173FE2BFBE80B007A0584 /* ExerciseFeedback */,
				C38173F42BFBE725007A0584 /* Exercise */,
			);
			path = Scene;
			sourceTree = "<group>";
		};
		C38173F42BFBE725007A0584 /* Exercise */ = {
			isa = PBXGroup;
			children = (
				FDBBB7DD2BFE1A7500552287 /* Components */,
				C38174002BFBE85A007A0584 /* ExerciseTabView.swift */,
				C38173F82BFBE7A9007A0584 /* ExerciseStatsView.swift */,
				C38173FA2BFBE7B6007A0584 /* ExerciseControlView.swift */,
				C38173FC2BFBE7C6007A0584 /* CountdownView.swift */,
				C38174242BFBEBAD007A0584 /* ExerciseController.swift */,
			);
			path = Exercise;
			sourceTree = "<group>";
		};
		C38173FE2BFBE80B007A0584 /* ExerciseFeedback */ = {
			isa = PBXGroup;
			children = (
				FD900C792BFCD09A0036DBE2 /* Component */,
				C38174032BFBE90D007A0584 /* BorgScaleView.swift */,
				C38174052BFBE950007A0584 /* ExerciseUserFeedbackView.swift */,
				C38174072BFBE974007A0584 /* DidFeelPainView.swift */,
				C38174092BFBE983007A0584 /* PainScaleView.swift */,
			);
			path = ExerciseFeedback;
			sourceTree = "<group>";
		};
		C381740B2BFBE99B007A0584 /* Home */ = {
			isa = PBXGroup;
			children = (
				C381740C2BFBE9FF007A0584 /* HomeView.swift */,
				C381740E2BFBEA16007A0584 /* GoalView.swift */,
				C38174102BFBEA28007A0584 /* ExercisesScrollView.swift */,
				C38174222BFBEB9B007A0584 /* HomeController.swift */,
				C326975D2BFD1EC900CD3568 /* HomeTabView.swift */,
			);
			path = Home;
			sourceTree = "<group>";
		};
		C38174122BFBEA3A007A0584 /* ExerciseDetail */ = {
			isa = PBXGroup;
			children = (
				FD900C7E2BFD31390036DBE2 /* ViewModel */,
				C38174132BFBEA67007A0584 /* ExerciseDetailView.swift */,
			);
			path = ExerciseDetail;
			sourceTree = "<group>";
		};
		C38174152BFBEA72007A0584 /* Graphs */ = {
			isa = PBXGroup;
			children = (
				C38174162BFBEAB8007A0584 /* SelectGraphView.swift */,
				C38174182BFBEAE7007A0584 /* GraphScrollView.swift */,
			);
			path = Graphs;
			sourceTree = "<group>";
		};
		C381741A2BFBEAF2007A0584 /* Onboarding */ = {
			isa = PBXGroup;
			children = (
				C381741B2BFBEB01007A0584 /* Onboarding.swift */,
				FDBBB7E92BFE722C00552287 /* EmojiSelectionView.swift */,
				FDBBB7EB2BFE737800552287 /* TreatmentTimeView .swift */,
				FDBBB7ED2BFE740E00552287 /* TreatmentTimeBeginningView.swift */,
				FDBBB7EF2BFE741900552287 /* TreatmentTimeEndView.swift */,
			);
			path = Onboarding;
			sourceTree = "<group>";
		};
		C381741D2BFBEB0E007A0584 /* Coordinator */ = {
			isa = PBXGroup;
			children = (
				C381741E2BFBEB1A007A0584 /* Coordinator.swift */,
			);
			path = Coordinator;
			sourceTree = "<group>";
		};
		C38174262BFBEBCF007A0584 /* Shared */ = {
			isa = PBXGroup;
			children = (
				C38174272BFBEBE9007A0584 /* WorkoutController.swift */,
				C38174292BFBEBFD007A0584 /* SwiftDataController.swift */,
				C381742B2BFBEC2D007A0584 /* Localizable.xcstrings */,
				C381742D2BFBEC46007A0584 /* Strings.swift */,
			);
			path = Shared;
			sourceTree = "<group>";
		};
		E8F9EE062BF7F2F300E34C5D = {
			isa = PBXGroup;
			children = (
				E8F9EE112BF7F2F300E34C5D /* Handy Watch App */,
				E8F9EE222BF7F2F500E34C5D /* Handy Watch AppTests */,
				E8F9EE2C2BF7F2F500E34C5D /* Handy Watch AppUITests */,
				E8F9EE102BF7F2F300E34C5D /* Products */,
			);
			sourceTree = "<group>";
		};
		E8F9EE102BF7F2F300E34C5D /* Products */ = {
			isa = PBXGroup;
			children = (
				E8F9EE0F2BF7F2F300E34C5D /* Handy Watch App.app */,
				E8F9EE1F2BF7F2F500E34C5D /* Handy Watch AppTests.xctest */,
				E8F9EE292BF7F2F500E34C5D /* Handy Watch AppUITests.xctest */,
			);
			name = Products;
			sourceTree = "<group>";
		};
		E8F9EE112BF7F2F300E34C5D /* Handy Watch App */ = {
			isa = PBXGroup;
			children = (
				E8A60BA22BFFB9F200D33F3D /* Handy Watch App.entitlements */,
				C38174262BFBEBCF007A0584 /* Shared */,
				C381741D2BFBEB0E007A0584 /* Coordinator */,
				C38173F32BFBE6F7007A0584 /* Scene */,
				FDA963FF2BFBD17D0006E4EA /* Model */,
				E8F9EE122BF7F2F300E34C5D /* HandyApp.swift */,
				E8F9EE142BF7F2F300E34C5D /* ContentView.swift */,
				E8F9EE162BF7F2F500E34C5D /* Assets.xcassets */,
				E8F9EE182BF7F2F500E34C5D /* Preview Content */,
			);
			path = "Handy Watch App";
			sourceTree = "<group>";
		};
		E8F9EE182BF7F2F500E34C5D /* Preview Content */ = {
			isa = PBXGroup;
			children = (
				E8F9EE192BF7F2F500E34C5D /* Preview Assets.xcassets */,
			);
			path = "Preview Content";
			sourceTree = "<group>";
		};
		E8F9EE222BF7F2F500E34C5D /* Handy Watch AppTests */ = {
			isa = PBXGroup;
			children = (
				E8F9EE232BF7F2F500E34C5D /* Handy_Watch_AppTests.swift */,
			);
			path = "Handy Watch AppTests";
			sourceTree = "<group>";
		};
		E8F9EE2C2BF7F2F500E34C5D /* Handy Watch AppUITests */ = {
			isa = PBXGroup;
			children = (
				E8F9EE2D2BF7F2F500E34C5D /* Handy_Watch_AppUITests.swift */,
				E8F9EE2F2BF7F2F500E34C5D /* Handy_Watch_AppUITestsLaunchTests.swift */,
			);
			path = "Handy Watch AppUITests";
			sourceTree = "<group>";
		};
		FD900C792BFCD09A0036DBE2 /* Component */ = {
			isa = PBXGroup;
			children = (
				FD900C772BFCD0970036DBE2 /* TitleForm.swift */,
				FD900C7A2BFCD2310036DBE2 /* ButtonNextPage.swift */,
				FD900C7C2BFCD3C60036DBE2 /* StepperImage.swift */,
			);
			path = Component;
			sourceTree = "<group>";
		};
		FD900C7E2BFD31390036DBE2 /* ViewModel */ = {
			isa = PBXGroup;
			children = (
				FD900C7F2BFD314A0036DBE2 /* ExerciseDetailViewModel.swift */,
			);
			path = ViewModel;
			sourceTree = "<group>";
		};
		FDA963FF2BFBD17D0006E4EA /* Model */ = {
			isa = PBXGroup;
			children = (
				FDA964002BFBD1A70006E4EA /* Exercise.swift */,
				FDA964042BFBE0950006E4EA /* User.swift */,
				FDA964082BFBE2BD0006E4EA /* Meta.swift */,
			);
			path = Model;
			sourceTree = "<group>";
		};
		FDBBB7DD2BFE1A7500552287 /* Components */ = {
			isa = PBXGroup;
			children = (
				FDBBB7DE2BFE1A9500552287 /* CircularProgressBarView.swift */,
			);
			path = Components;
			sourceTree = "<group>";
		};
/* End PBXGroup section */

/* Begin PBXNativeTarget section */
		E8F9EE0E2BF7F2F300E34C5D /* Handy Watch App */ = {
			isa = PBXNativeTarget;
			buildConfigurationList = E8F9EE332BF7F2F500E34C5D /* Build configuration list for PBXNativeTarget "Handy Watch App" */;
			buildPhases = (
				E8F9EE0B2BF7F2F300E34C5D /* Sources */,
				E8F9EE0C2BF7F2F300E34C5D /* Frameworks */,
				E8F9EE0D2BF7F2F300E34C5D /* Resources */,
			);
			buildRules = (
			);
			dependencies = (
			);
			name = "Handy Watch App";
			productName = "Handy Watch App";
			productReference = E8F9EE0F2BF7F2F300E34C5D /* Handy Watch App.app */;
			productType = "com.apple.product-type.application";
		};
		E8F9EE1E2BF7F2F500E34C5D /* Handy Watch AppTests */ = {
			isa = PBXNativeTarget;
			buildConfigurationList = E8F9EE362BF7F2F500E34C5D /* Build configuration list for PBXNativeTarget "Handy Watch AppTests" */;
			buildPhases = (
				E8F9EE1B2BF7F2F500E34C5D /* Sources */,
				E8F9EE1C2BF7F2F500E34C5D /* Frameworks */,
				E8F9EE1D2BF7F2F500E34C5D /* Resources */,
			);
			buildRules = (
			);
			dependencies = (
				E8F9EE212BF7F2F500E34C5D /* PBXTargetDependency */,
			);
			name = "Handy Watch AppTests";
			productName = "Handy Watch AppTests";
			productReference = E8F9EE1F2BF7F2F500E34C5D /* Handy Watch AppTests.xctest */;
			productType = "com.apple.product-type.bundle.unit-test";
		};
		E8F9EE282BF7F2F500E34C5D /* Handy Watch AppUITests */ = {
			isa = PBXNativeTarget;
			buildConfigurationList = E8F9EE392BF7F2F500E34C5D /* Build configuration list for PBXNativeTarget "Handy Watch AppUITests" */;
			buildPhases = (
				E8F9EE252BF7F2F500E34C5D /* Sources */,
				E8F9EE262BF7F2F500E34C5D /* Frameworks */,
				E8F9EE272BF7F2F500E34C5D /* Resources */,
			);
			buildRules = (
			);
			dependencies = (
				E8F9EE2B2BF7F2F500E34C5D /* PBXTargetDependency */,
			);
			name = "Handy Watch AppUITests";
			productName = "Handy Watch AppUITests";
			productReference = E8F9EE292BF7F2F500E34C5D /* Handy Watch AppUITests.xctest */;
			productType = "com.apple.product-type.bundle.ui-testing";
		};
/* End PBXNativeTarget section */

/* Begin PBXProject section */
		E8F9EE072BF7F2F300E34C5D /* Project object */ = {
			isa = PBXProject;
			attributes = {
				BuildIndependentTargetsInParallel = 1;
				LastSwiftUpdateCheck = 1540;
				LastUpgradeCheck = 1540;
				TargetAttributes = {
					E8F9EE0E2BF7F2F300E34C5D = {
						CreatedOnToolsVersion = 15.4;
					};
					E8F9EE1E2BF7F2F500E34C5D = {
						CreatedOnToolsVersion = 15.4;
						TestTargetID = E8F9EE0E2BF7F2F300E34C5D;
					};
					E8F9EE282BF7F2F500E34C5D = {
						CreatedOnToolsVersion = 15.4;
						TestTargetID = E8F9EE0E2BF7F2F300E34C5D;
					};
				};
			};
			buildConfigurationList = E8F9EE0A2BF7F2F300E34C5D /* Build configuration list for PBXProject "Handy" */;
			compatibilityVersion = "Xcode 14.0";
			developmentRegion = en;
			hasScannedForEncodings = 0;
			knownRegions = (
				en,
				Base,
			);
			mainGroup = E8F9EE062BF7F2F300E34C5D;
			productRefGroup = E8F9EE102BF7F2F300E34C5D /* Products */;
			projectDirPath = "";
			projectRoot = "";
			targets = (
				E8F9EE0E2BF7F2F300E34C5D /* Handy Watch App */,
				E8F9EE1E2BF7F2F500E34C5D /* Handy Watch AppTests */,
				E8F9EE282BF7F2F500E34C5D /* Handy Watch AppUITests */,
			);
		};
/* End PBXProject section */

/* Begin PBXResourcesBuildPhase section */
		E8F9EE0D2BF7F2F300E34C5D /* Resources */ = {
			isa = PBXResourcesBuildPhase;
			buildActionMask = 2147483647;
			files = (
				E8F9EE1A2BF7F2F500E34C5D /* Preview Assets.xcassets in Resources */,
				E8F9EE172BF7F2F500E34C5D /* Assets.xcassets in Resources */,
				C381742C2BFBEC2D007A0584 /* Localizable.xcstrings in Resources */,
			);
			runOnlyForDeploymentPostprocessing = 0;
		};
		E8F9EE1D2BF7F2F500E34C5D /* Resources */ = {
			isa = PBXResourcesBuildPhase;
			buildActionMask = 2147483647;
			files = (
			);
			runOnlyForDeploymentPostprocessing = 0;
		};
		E8F9EE272BF7F2F500E34C5D /* Resources */ = {
			isa = PBXResourcesBuildPhase;
			buildActionMask = 2147483647;
			files = (
			);
			runOnlyForDeploymentPostprocessing = 0;
		};
/* End PBXResourcesBuildPhase section */

/* Begin PBXSourcesBuildPhase section */
		E8F9EE0B2BF7F2F300E34C5D /* Sources */ = {
			isa = PBXSourcesBuildPhase;
			buildActionMask = 2147483647;
			files = (
				C38174082BFBE974007A0584 /* DidFeelPainView.swift in Sources */,
				C381740D2BFBE9FF007A0584 /* HomeView.swift in Sources */,
				C381741C2BFBEB01007A0584 /* Onboarding.swift in Sources */,
				C38174012BFBE85A007A0584 /* ExerciseTabView.swift in Sources */,
				C38174142BFBEA67007A0584 /* ExerciseDetailView.swift in Sources */,
				FDA964052BFBE0950006E4EA /* User.swift in Sources */,
				FD900C7B2BFCD2310036DBE2 /* ButtonNextPage.swift in Sources */,
				C381740A2BFBE983007A0584 /* PainScaleView.swift in Sources */,
				C38174252BFBEBAD007A0584 /* ExerciseController.swift in Sources */,
				C38174062BFBE950007A0584 /* ExerciseUserFeedbackView.swift in Sources */,
				FD900C7D2BFCD3C60036DBE2 /* StepperImage.swift in Sources */,
				C38174172BFBEAB8007A0584 /* SelectGraphView.swift in Sources */,
				C381742E2BFBEC46007A0584 /* Strings.swift in Sources */,
				E8F9EE152BF7F2F300E34C5D /* ContentView.swift in Sources */,
				C381740F2BFBEA16007A0584 /* GoalView.swift in Sources */,
				FD900C802BFD314A0036DBE2 /* ExerciseDetailViewModel.swift in Sources */,
				FDBBB7EC2BFE737800552287 /* TreatmentTimeView .swift in Sources */,
				C38174192BFBEAE7007A0584 /* GraphScrollView.swift in Sources */,
				C38173FD2BFBE7C6007A0584 /* CountdownView.swift in Sources */,
				FDBBB7DF2BFE1A9500552287 /* CircularProgressBarView.swift in Sources */,
				C38174112BFBEA28007A0584 /* ExercisesScrollView.swift in Sources */,
				FD900C782BFCD0970036DBE2 /* TitleForm.swift in Sources */,
				C326975E2BFD1EC900CD3568 /* HomeTabView.swift in Sources */,
				C381742A2BFBEBFD007A0584 /* SwiftDataController.swift in Sources */,
				FDBBB7EE2BFE740E00552287 /* TreatmentTimeBeginningView.swift in Sources */,
				E8F9EE132BF7F2F300E34C5D /* HandyApp.swift in Sources */,
				FDBBB7EA2BFE722C00552287 /* EmojiSelectionView.swift in Sources */,
				C38173F92BFBE7A9007A0584 /* ExerciseStatsView.swift in Sources */,
				FDA964092BFBE2BD0006E4EA /* Meta.swift in Sources */,
				FDA964012BFBD1A70006E4EA /* Exercise.swift in Sources */,
				C38173FB2BFBE7B6007A0584 /* ExerciseControlView.swift in Sources */,
				FDBBB7F02BFE741900552287 /* TreatmentTimeEndView.swift in Sources */,
				C38174232BFBEB9B007A0584 /* HomeController.swift in Sources */,
				C38174042BFBE90D007A0584 /* BorgScaleView.swift in Sources */,
				C381741F2BFBEB1A007A0584 /* Coordinator.swift in Sources */,
				C38174282BFBEBE9007A0584 /* WorkoutController.swift in Sources */,
			);
			runOnlyForDeploymentPostprocessing = 0;
		};
		E8F9EE1B2BF7F2F500E34C5D /* Sources */ = {
			isa = PBXSourcesBuildPhase;
			buildActionMask = 2147483647;
			files = (
				FDA9640A2BFBE2BD0006E4EA /* Meta.swift in Sources */,
				E8F9EE242BF7F2F500E34C5D /* Handy_Watch_AppTests.swift in Sources */,
				FDA964022BFBD1A70006E4EA /* Exercise.swift in Sources */,
				FDA964062BFBE0950006E4EA /* User.swift in Sources */,
			);
			runOnlyForDeploymentPostprocessing = 0;
		};
		E8F9EE252BF7F2F500E34C5D /* Sources */ = {
			isa = PBXSourcesBuildPhase;
			buildActionMask = 2147483647;
			files = (
				FDA964072BFBE0950006E4EA /* User.swift in Sources */,
				E8F9EE2E2BF7F2F500E34C5D /* Handy_Watch_AppUITests.swift in Sources */,
				E8F9EE302BF7F2F500E34C5D /* Handy_Watch_AppUITestsLaunchTests.swift in Sources */,
				FDA9640B2BFBE2BD0006E4EA /* Meta.swift in Sources */,
				FDA964032BFBD1A70006E4EA /* Exercise.swift in Sources */,
			);
			runOnlyForDeploymentPostprocessing = 0;
		};
/* End PBXSourcesBuildPhase section */

/* Begin PBXTargetDependency section */
		E8F9EE212BF7F2F500E34C5D /* PBXTargetDependency */ = {
			isa = PBXTargetDependency;
			target = E8F9EE0E2BF7F2F300E34C5D /* Handy Watch App */;
			targetProxy = E8F9EE202BF7F2F500E34C5D /* PBXContainerItemProxy */;
		};
		E8F9EE2B2BF7F2F500E34C5D /* PBXTargetDependency */ = {
			isa = PBXTargetDependency;
			target = E8F9EE0E2BF7F2F300E34C5D /* Handy Watch App */;
			targetProxy = E8F9EE2A2BF7F2F500E34C5D /* PBXContainerItemProxy */;
		};
/* End PBXTargetDependency section */

/* Begin XCBuildConfiguration section */
		E8F9EE312BF7F2F500E34C5D /* Debug */ = {
			isa = XCBuildConfiguration;
			buildSettings = {
				ALWAYS_SEARCH_USER_PATHS = NO;
				ASSETCATALOG_COMPILER_GENERATE_SWIFT_ASSET_SYMBOL_EXTENSIONS = YES;
				CLANG_ANALYZER_NONNULL = YES;
				CLANG_ANALYZER_NUMBER_OBJECT_CONVERSION = YES_AGGRESSIVE;
				CLANG_CXX_LANGUAGE_STANDARD = "gnu++20";
				CLANG_ENABLE_MODULES = YES;
				CLANG_ENABLE_OBJC_ARC = YES;
				CLANG_ENABLE_OBJC_WEAK = YES;
				CLANG_WARN_BLOCK_CAPTURE_AUTORELEASING = YES;
				CLANG_WARN_BOOL_CONVERSION = YES;
				CLANG_WARN_COMMA = YES;
				CLANG_WARN_CONSTANT_CONVERSION = YES;
				CLANG_WARN_DEPRECATED_OBJC_IMPLEMENTATIONS = YES;
				CLANG_WARN_DIRECT_OBJC_ISA_USAGE = YES_ERROR;
				CLANG_WARN_DOCUMENTATION_COMMENTS = YES;
				CLANG_WARN_EMPTY_BODY = YES;
				CLANG_WARN_ENUM_CONVERSION = YES;
				CLANG_WARN_INFINITE_RECURSION = YES;
				CLANG_WARN_INT_CONVERSION = YES;
				CLANG_WARN_NON_LITERAL_NULL_CONVERSION = YES;
				CLANG_WARN_OBJC_IMPLICIT_RETAIN_SELF = YES;
				CLANG_WARN_OBJC_LITERAL_CONVERSION = YES;
				CLANG_WARN_OBJC_ROOT_CLASS = YES_ERROR;
				CLANG_WARN_QUOTED_INCLUDE_IN_FRAMEWORK_HEADER = YES;
				CLANG_WARN_RANGE_LOOP_ANALYSIS = YES;
				CLANG_WARN_STRICT_PROTOTYPES = YES;
				CLANG_WARN_SUSPICIOUS_MOVE = YES;
				CLANG_WARN_UNGUARDED_AVAILABILITY = YES_AGGRESSIVE;
				CLANG_WARN_UNREACHABLE_CODE = YES;
				CLANG_WARN__DUPLICATE_METHOD_MATCH = YES;
				COPY_PHASE_STRIP = NO;
				DEBUG_INFORMATION_FORMAT = dwarf;
				ENABLE_STRICT_OBJC_MSGSEND = YES;
				ENABLE_TESTABILITY = YES;
				ENABLE_USER_SCRIPT_SANDBOXING = YES;
				GCC_C_LANGUAGE_STANDARD = gnu17;
				GCC_DYNAMIC_NO_PIC = NO;
				GCC_NO_COMMON_BLOCKS = YES;
				GCC_OPTIMIZATION_LEVEL = 0;
				GCC_PREPROCESSOR_DEFINITIONS = (
					"DEBUG=1",
					"$(inherited)",
				);
				GCC_WARN_64_TO_32_BIT_CONVERSION = YES;
				GCC_WARN_ABOUT_RETURN_TYPE = YES_ERROR;
				GCC_WARN_UNDECLARED_SELECTOR = YES;
				GCC_WARN_UNINITIALIZED_AUTOS = YES_AGGRESSIVE;
				GCC_WARN_UNUSED_FUNCTION = YES;
				GCC_WARN_UNUSED_VARIABLE = YES;
				LOCALIZATION_PREFERS_STRING_CATALOGS = YES;
				MTL_ENABLE_DEBUG_INFO = INCLUDE_SOURCE;
				MTL_FAST_MATH = YES;
				ONLY_ACTIVE_ARCH = YES;
				SWIFT_ACTIVE_COMPILATION_CONDITIONS = "DEBUG $(inherited)";
				SWIFT_OPTIMIZATION_LEVEL = "-Onone";
			};
			name = Debug;
		};
		E8F9EE322BF7F2F500E34C5D /* Release */ = {
			isa = XCBuildConfiguration;
			buildSettings = {
				ALWAYS_SEARCH_USER_PATHS = NO;
				ASSETCATALOG_COMPILER_GENERATE_SWIFT_ASSET_SYMBOL_EXTENSIONS = YES;
				CLANG_ANALYZER_NONNULL = YES;
				CLANG_ANALYZER_NUMBER_OBJECT_CONVERSION = YES_AGGRESSIVE;
				CLANG_CXX_LANGUAGE_STANDARD = "gnu++20";
				CLANG_ENABLE_MODULES = YES;
				CLANG_ENABLE_OBJC_ARC = YES;
				CLANG_ENABLE_OBJC_WEAK = YES;
				CLANG_WARN_BLOCK_CAPTURE_AUTORELEASING = YES;
				CLANG_WARN_BOOL_CONVERSION = YES;
				CLANG_WARN_COMMA = YES;
				CLANG_WARN_CONSTANT_CONVERSION = YES;
				CLANG_WARN_DEPRECATED_OBJC_IMPLEMENTATIONS = YES;
				CLANG_WARN_DIRECT_OBJC_ISA_USAGE = YES_ERROR;
				CLANG_WARN_DOCUMENTATION_COMMENTS = YES;
				CLANG_WARN_EMPTY_BODY = YES;
				CLANG_WARN_ENUM_CONVERSION = YES;
				CLANG_WARN_INFINITE_RECURSION = YES;
				CLANG_WARN_INT_CONVERSION = YES;
				CLANG_WARN_NON_LITERAL_NULL_CONVERSION = YES;
				CLANG_WARN_OBJC_IMPLICIT_RETAIN_SELF = YES;
				CLANG_WARN_OBJC_LITERAL_CONVERSION = YES;
				CLANG_WARN_OBJC_ROOT_CLASS = YES_ERROR;
				CLANG_WARN_QUOTED_INCLUDE_IN_FRAMEWORK_HEADER = YES;
				CLANG_WARN_RANGE_LOOP_ANALYSIS = YES;
				CLANG_WARN_STRICT_PROTOTYPES = YES;
				CLANG_WARN_SUSPICIOUS_MOVE = YES;
				CLANG_WARN_UNGUARDED_AVAILABILITY = YES_AGGRESSIVE;
				CLANG_WARN_UNREACHABLE_CODE = YES;
				CLANG_WARN__DUPLICATE_METHOD_MATCH = YES;
				COPY_PHASE_STRIP = NO;
				DEBUG_INFORMATION_FORMAT = "dwarf-with-dsym";
				ENABLE_NS_ASSERTIONS = NO;
				ENABLE_STRICT_OBJC_MSGSEND = YES;
				ENABLE_USER_SCRIPT_SANDBOXING = YES;
				GCC_C_LANGUAGE_STANDARD = gnu17;
				GCC_NO_COMMON_BLOCKS = YES;
				GCC_WARN_64_TO_32_BIT_CONVERSION = YES;
				GCC_WARN_ABOUT_RETURN_TYPE = YES_ERROR;
				GCC_WARN_UNDECLARED_SELECTOR = YES;
				GCC_WARN_UNINITIALIZED_AUTOS = YES_AGGRESSIVE;
				GCC_WARN_UNUSED_FUNCTION = YES;
				GCC_WARN_UNUSED_VARIABLE = YES;
				LOCALIZATION_PREFERS_STRING_CATALOGS = YES;
				MTL_ENABLE_DEBUG_INFO = NO;
				MTL_FAST_MATH = YES;
				SWIFT_COMPILATION_MODE = wholemodule;
			};
			name = Release;
		};
		E8F9EE342BF7F2F500E34C5D /* Debug */ = {
			isa = XCBuildConfiguration;
			buildSettings = {
				ASSETCATALOG_COMPILER_APPICON_NAME = AppIcon;
				ASSETCATALOG_COMPILER_GLOBAL_ACCENT_COLOR_NAME = AccentColor;
				CODE_SIGN_ENTITLEMENTS = "Handy Watch App/Handy Watch App.entitlements";
				CODE_SIGN_STYLE = Automatic;
				CURRENT_PROJECT_VERSION = 1;
				DEVELOPMENT_ASSET_PATHS = "\"Handy Watch App/Preview Content\"";
				DEVELOPMENT_TEAM = SRXHT55569;
				ENABLE_PREVIEWS = YES;
				GENERATE_INFOPLIST_FILE = YES;
				INFOPLIST_KEY_CFBundleDisplayName = Handy;
				INFOPLIST_KEY_NSHealthClinicalHealthRecordsShareUsageDescription = "Use user healthy records";
				INFOPLIST_KEY_NSHealthShareUsageDescription = "Share user helathy data";
				INFOPLIST_KEY_NSHealthUpdateUsageDescription = "Update user healthy data";
				INFOPLIST_KEY_UISupportedInterfaceOrientations = "UIInterfaceOrientationPortrait UIInterfaceOrientationPortraitUpsideDown";
				INFOPLIST_KEY_WKCompanionAppBundleIdentifier = "";
				LD_RUNPATH_SEARCH_PATHS = (
					"$(inherited)",
					"@executable_path/Frameworks",
				);
				MARKETING_VERSION = 1.0;
				PRODUCT_BUNDLE_IDENTIFIER = watchkitapp20;
				PRODUCT_NAME = "$(TARGET_NAME)";
				SDKROOT = watchos;
				SKIP_INSTALL = YES;
				SWIFT_EMIT_LOC_STRINGS = YES;
				SWIFT_VERSION = 5.0;
				TARGETED_DEVICE_FAMILY = 4;
				WATCHOS_DEPLOYMENT_TARGET = 10.5;
			};
			name = Debug;
		};
		E8F9EE352BF7F2F500E34C5D /* Release */ = {
			isa = XCBuildConfiguration;
			buildSettings = {
				ASSETCATALOG_COMPILER_APPICON_NAME = AppIcon;
				ASSETCATALOG_COMPILER_GLOBAL_ACCENT_COLOR_NAME = AccentColor;
				CODE_SIGN_ENTITLEMENTS = "Handy Watch App/Handy Watch App.entitlements";
				CODE_SIGN_STYLE = Automatic;
				CURRENT_PROJECT_VERSION = 1;
				DEVELOPMENT_ASSET_PATHS = "\"Handy Watch App/Preview Content\"";
				DEVELOPMENT_TEAM = SRXHT55569;
				ENABLE_PREVIEWS = YES;
				GENERATE_INFOPLIST_FILE = YES;
				INFOPLIST_KEY_CFBundleDisplayName = Handy;
				INFOPLIST_KEY_NSHealthClinicalHealthRecordsShareUsageDescription = "Use user healthy records";
				INFOPLIST_KEY_NSHealthShareUsageDescription = "Share user helathy data";
				INFOPLIST_KEY_NSHealthUpdateUsageDescription = "Update user healthy data";
				INFOPLIST_KEY_UISupportedInterfaceOrientations = "UIInterfaceOrientationPortrait UIInterfaceOrientationPortraitUpsideDown";
				INFOPLIST_KEY_WKCompanionAppBundleIdentifier = "";
				LD_RUNPATH_SEARCH_PATHS = (
					"$(inherited)",
					"@executable_path/Frameworks",
				);
				MARKETING_VERSION = 1.0;
				PRODUCT_BUNDLE_IDENTIFIER = watchkitapp20;
				PRODUCT_NAME = "$(TARGET_NAME)";
				SDKROOT = watchos;
				SKIP_INSTALL = YES;
				SWIFT_EMIT_LOC_STRINGS = YES;
				SWIFT_VERSION = 5.0;
				TARGETED_DEVICE_FAMILY = 4;
				VALIDATE_PRODUCT = YES;
				WATCHOS_DEPLOYMENT_TARGET = 10.5;
			};
			name = Release;
		};
		E8F9EE372BF7F2F500E34C5D /* Debug */ = {
			isa = XCBuildConfiguration;
			buildSettings = {
				ALWAYS_EMBED_SWIFT_STANDARD_LIBRARIES = YES;
				BUNDLE_LOADER = "$(TEST_HOST)";
				CODE_SIGN_STYLE = Automatic;
				CURRENT_PROJECT_VERSION = 1;
				DEVELOPMENT_TEAM = PCTRQS8Z4G;
				GENERATE_INFOPLIST_FILE = YES;
				MARKETING_VERSION = 1.0;
				PRODUCT_BUNDLE_IDENTIFIER = "Mini5.Handy-Watch-AppTests";
				PRODUCT_NAME = "$(TARGET_NAME)";
				SDKROOT = watchos;
				SWIFT_EMIT_LOC_STRINGS = NO;
				SWIFT_VERSION = 5.0;
				TARGETED_DEVICE_FAMILY = 4;
				TEST_HOST = "$(BUILT_PRODUCTS_DIR)/Handy Watch App.app/$(BUNDLE_EXECUTABLE_FOLDER_PATH)/Handy Watch App";
				WATCHOS_DEPLOYMENT_TARGET = 10.5;
			};
			name = Debug;
		};
		E8F9EE382BF7F2F500E34C5D /* Release */ = {
			isa = XCBuildConfiguration;
			buildSettings = {
				ALWAYS_EMBED_SWIFT_STANDARD_LIBRARIES = YES;
				BUNDLE_LOADER = "$(TEST_HOST)";
				CODE_SIGN_STYLE = Automatic;
				CURRENT_PROJECT_VERSION = 1;
				DEVELOPMENT_TEAM = PCTRQS8Z4G;
				GENERATE_INFOPLIST_FILE = YES;
				MARKETING_VERSION = 1.0;
				PRODUCT_BUNDLE_IDENTIFIER = "Mini5.Handy-Watch-AppTests";
				PRODUCT_NAME = "$(TARGET_NAME)";
				SDKROOT = watchos;
				SWIFT_EMIT_LOC_STRINGS = NO;
				SWIFT_VERSION = 5.0;
				TARGETED_DEVICE_FAMILY = 4;
				TEST_HOST = "$(BUILT_PRODUCTS_DIR)/Handy Watch App.app/$(BUNDLE_EXECUTABLE_FOLDER_PATH)/Handy Watch App";
				VALIDATE_PRODUCT = YES;
				WATCHOS_DEPLOYMENT_TARGET = 10.5;
			};
			name = Release;
		};
		E8F9EE3A2BF7F2F500E34C5D /* Debug */ = {
			isa = XCBuildConfiguration;
			buildSettings = {
				ALWAYS_EMBED_SWIFT_STANDARD_LIBRARIES = YES;
				CODE_SIGN_STYLE = Automatic;
				CURRENT_PROJECT_VERSION = 1;
				DEVELOPMENT_TEAM = PCTRQS8Z4G;
				GENERATE_INFOPLIST_FILE = YES;
				MARKETING_VERSION = 1.0;
				PRODUCT_BUNDLE_IDENTIFIER = "Mini5.Handy-Watch-AppUITests";
				PRODUCT_NAME = "$(TARGET_NAME)";
				SDKROOT = watchos;
				SWIFT_EMIT_LOC_STRINGS = NO;
				SWIFT_VERSION = 5.0;
				TARGETED_DEVICE_FAMILY = 4;
				TEST_TARGET_NAME = "Handy Watch App";
				WATCHOS_DEPLOYMENT_TARGET = 10.5;
			};
			name = Debug;
		};
		E8F9EE3B2BF7F2F500E34C5D /* Release */ = {
			isa = XCBuildConfiguration;
			buildSettings = {
				ALWAYS_EMBED_SWIFT_STANDARD_LIBRARIES = YES;
				CODE_SIGN_STYLE = Automatic;
				CURRENT_PROJECT_VERSION = 1;
				DEVELOPMENT_TEAM = PCTRQS8Z4G;
				GENERATE_INFOPLIST_FILE = YES;
				MARKETING_VERSION = 1.0;
				PRODUCT_BUNDLE_IDENTIFIER = "Mini5.Handy-Watch-AppUITests";
				PRODUCT_NAME = "$(TARGET_NAME)";
				SDKROOT = watchos;
				SWIFT_EMIT_LOC_STRINGS = NO;
				SWIFT_VERSION = 5.0;
				TARGETED_DEVICE_FAMILY = 4;
				TEST_TARGET_NAME = "Handy Watch App";
				VALIDATE_PRODUCT = YES;
				WATCHOS_DEPLOYMENT_TARGET = 10.5;
			};
			name = Release;
		};
/* End XCBuildConfiguration section */

/* Begin XCConfigurationList section */
		E8F9EE0A2BF7F2F300E34C5D /* Build configuration list for PBXProject "Handy" */ = {
			isa = XCConfigurationList;
			buildConfigurations = (
				E8F9EE312BF7F2F500E34C5D /* Debug */,
				E8F9EE322BF7F2F500E34C5D /* Release */,
			);
			defaultConfigurationIsVisible = 0;
			defaultConfigurationName = Release;
		};
		E8F9EE332BF7F2F500E34C5D /* Build configuration list for PBXNativeTarget "Handy Watch App" */ = {
			isa = XCConfigurationList;
			buildConfigurations = (
				E8F9EE342BF7F2F500E34C5D /* Debug */,
				E8F9EE352BF7F2F500E34C5D /* Release */,
			);
			defaultConfigurationIsVisible = 0;
			defaultConfigurationName = Release;
		};
		E8F9EE362BF7F2F500E34C5D /* Build configuration list for PBXNativeTarget "Handy Watch AppTests" */ = {
			isa = XCConfigurationList;
			buildConfigurations = (
				E8F9EE372BF7F2F500E34C5D /* Debug */,
				E8F9EE382BF7F2F500E34C5D /* Release */,
			);
			defaultConfigurationIsVisible = 0;
			defaultConfigurationName = Release;
		};
		E8F9EE392BF7F2F500E34C5D /* Build configuration list for PBXNativeTarget "Handy Watch AppUITests" */ = {
			isa = XCConfigurationList;
			buildConfigurations = (
				E8F9EE3A2BF7F2F500E34C5D /* Debug */,
				E8F9EE3B2BF7F2F500E34C5D /* Release */,
			);
			defaultConfigurationIsVisible = 0;
			defaultConfigurationName = Release;
		};
/* End XCConfigurationList section */
	};
	rootObject = E8F9EE072BF7F2F300E34C5D /* Project object */;
}
